
Microsoft Visual Studio Solution File, Format Version 12.00
# Visual Studio Version 16
VisualStudioVersion = 16.0.30621.155
MinimumVisualStudioVersion = 10.0.40219.1
Project("{8BC9CEB8-8B4A-11D0-8D11-00A0C91BC942}") = "auto_log_z", "auto_log_z.vcxproj", "{46ABC230-C537-4BEF-A577-6BCE7AB352F0}"
EndProject
Global
	GlobalSection(SolutionConfigurationPlatforms) = preSolution
		Debug|x64 = Debug|x64
		Debug|x86 = Debug|x86
		Release|x64 = Release|x64
		Release|x86 = Release|x86
	EndGlobalSection
	GlobalSection(ProjectConfigurationPlatforms) = postSolution
		{46ABC230-C537-4BEF-A577-6BCE7AB352F0}.Debug|x64.ActiveCfg = Debug|x64
		{46ABC230-C537-4BEF-A577-6BCE7AB352F0}.Debug|x64.Build.0 = Debug|x64
		{46ABC230-C537-4BEF-A577-6BCE7AB352F0}.Debug|x86.ActiveCfg = Debug|Win32
		{46ABC230-C537-4BEF-A577-6BCE7AB352F0}.Debug|x86.Build.0 = Debug|Win32
		{46ABC230-C537-4BEF-A577-6BCE7AB352F0}.Release|x64.ActiveCfg = Release|x64
		{46ABC230-C537-4BEF-A577-6BCE7AB352F0}.Release|x64.Build.0 = Release|x64
		{46ABC230-C537-4BEF-A577-6BCE7AB352F0}.Release|x86.ActiveCfg = Release|Win32
		{46ABC230-C537-4BEF-A577-6BCE7AB352F0}.Release|x86.Build.0 = Release|Win32
	EndGlobalSection
	GlobalSection(SolutionProperties) = preSolution
		HideSolutionNode = FALSE
	EndGlobalSection
	GlobalSection(ExtensibilityGlobals) = postSolution
		SolutionGuid = {BA2B1337-934F-4287-8005-0993B7AACB1C}
	EndGlobalSection
EndGlobal
